# This file is autogenerated, do not edit; changes may be undone by the next 'dep ensure'.


[[projects]]
  name = "github.com/certifi/gocertifi"
  packages = ["."]
  revision = "a4ab0227d360091084658029ec8ae45f989fba3e"
  version = "2017.11.05"

[solve-meta]
  analyzer-name = "dep"
  analyzer-version = 1
  inputs-digest = "7907d17e01006a2908d50d595eaa52a780fd3b54192a2b53f22bae756f3ca289"
  solver-name = "gps-cdcl"
  solver-version = 1
