# This file is autogenerated, do not edit; changes may be undone by the next 'dep ensure'.


[[projects]]
  digest = "1:c9d2fb74cb40a4974ac4b645effdf53e04ad3b9b2bb31544f1de1e4631cac3e2"
  name = "github.com/certifi/gocertifi"
  packages = ["."]
  pruneopts = ""
  revision = "a4ab0227d360091084658029ec8ae45f989fba3e"
  version = "2017.11.05"

[[projects]]
  digest = "1:e6fe34bf0dcf7b1946677f7860d79609d8a1839de17568e8f2e9ff6bb116aedd"
  name = "github.com/franela/goblin"
  packages = ["."]
  pruneopts = ""
  revision = "cd5d08fb4ede9eaac1812fdb513552e7404eae2e"
  version = "0.0.2"

[[projects]]
  digest = "1:e47ef65c4d3a37884ab29fb4b5c31e826c8fba04caf81da45607d3fba022f7d7"
  name = "github.com/fsnotify/fsnotify"
  packages = ["."]
  pruneopts = ""
  revision = "45d7d09e39ef4ac08d493309fa031790c15bfe8a"
  version = "v1.4.9"

[[projects]]
  digest = "1:9651439527658c1a980bd89107fbc270e7d3aeac139372f23aab478e70432c11"
  name = "github.com/gomicro/bogus"
  packages = [
    ".",
    "paths",
  ]
  pruneopts = ""
  revision = "dbd2e068cbc3f76ea7ec23f2abf0c5af9c27a162"
  version = "v0.1.1"

[[projects]]
  digest = "1:d14365c51dd1d34d5c79833ec91413bfbb166be978724f15701e17080dc06dec"
  name = "github.com/hashicorp/hcl"
  packages = [
    ".",
    "hcl/ast",
    "hcl/parser",
    "hcl/printer",
    "hcl/scanner",
    "hcl/strconv",
    "hcl/token",
    "json/parser",
    "json/scanner",
    "json/token",
  ]
  pruneopts = ""
  revision = "8cb6e5b959231cc1119e43259c4a608f9c51a241"
  version = "v1.0.0"

[[projects]]
  digest = "1:870d441fe217b8e689d7949fef6e43efbc787e50f200cb1e70dbca9204a1d6be"
  name = "github.com/inconshreveable/mousetrap"
  packages = ["."]
  pruneopts = ""
  revision = "76626ae9c91c4f2a10f34cad8ce83ea42c93bb75"
  version = "v1.0"

[[projects]]
  digest = "1:ae39921edb7f801f7ce1b6b5484f9715a1dd2b52cb645daef095cd10fd6ee774"
  name = "github.com/magiconair/properties"
  packages = ["."]
  pruneopts = ""
  revision = "de8848e004dd33dc07a2947b3d76f618a7fc7ef1"
  version = "v1.8.1"

[[projects]]
  digest = "1:86f67b49e58b1a5b175f73eab2f91299080fd5bb10ee39d9c6373f4f5cdf238f"
  name = "github.com/mitchellh/mapstructure"
  packages = ["."]
  pruneopts = ""
  revision = "694aaefbc689be1915c2ef39e880409057931a94"
  version = "v1.2.2"

[[projects]]
  digest = "1:a0fe1ea85b41b2315341dc5b5b15ed8aa22e3f5cbaa6da684f0703390349004e"
  name = "github.com/onsi/gomega"
  packages = [
    ".",
    "format",
    "internal/assertion",
    "internal/asyncassertion",
    "internal/oraclematcher",
    "internal/testingtsupport",
    "matchers",
    "matchers/support/goraph/bipartitegraph",
    "matchers/support/goraph/edge",
    "matchers/support/goraph/node",
    "matchers/support/goraph/util",
    "types",
  ]
  pruneopts = ""
  revision = "6be6c439588487cd908a3a700795660c2a16dfec"
  version = "v1.9.0"

[[projects]]
  digest = "1:dbd3b76878498e6720d4f3c801e165f2982d6b4889d54e8d0ff5ea5173149874"
  name = "github.com/pelletier/go-toml"
  packages = ["."]
  pruneopts = ""
  revision = "8e8d2a6aad23fcaa64716c5fa6975ec3abbf8281"
  version = "v1.7.0"

[[projects]]
  digest = "1:956f655c87b7255c6b1ae6c203ebb0af98cf2a13ef2507e34c9bf1c0332ac0f5"
  name = "github.com/spf13/afero"
  packages = [
    ".",
    "mem",
  ]
  pruneopts = ""
  revision = "588a75ec4f32903aa5e39a2619ba6a4631e28424"
  version = "v1.2.2"

[[projects]]
  digest = "1:0a3d8f7dc17afdc30a5a5becb45fb91ff28aaa64645c69836ccd600d88e9ed9e"
  name = "github.com/spf13/cast"
  packages = ["."]
  pruneopts = ""
  revision = "1ffadf551085444af981432dd0f6d1160c11ec64"
  version = "v1.3.1"

[[projects]]
  digest = "1:832695f69f594dffe9fac453b9937c21d2f0c8fb2d744c7542ef1b269044cc04"
  name = "github.com/spf13/cobra"
  packages = ["."]
  pruneopts = ""
  revision = "6607e6b8603f56adb027298ee6695e06ffb3a819"
  version = "0.0.7"

[[projects]]
  digest = "1:cc15ae4fbdb02ce31f3392361a70ac041f4f02e0485de8ffac92bd8033e3d26e"
  name = "github.com/spf13/jwalterweatherman"
  packages = ["."]
  pruneopts = ""
  revision = "94f6ae3ed3bceceafa716478c5fbf8d29ca601a1"
  version = "v1.1.0"

[[projects]]
  digest = "1:688428eeb1ca80d92599eb3254bdf91b51d7e232fead3a73844c1f201a281e51"
  name = "github.com/spf13/pflag"
  packages = ["."]
  pruneopts = ""
  revision = "2e9d26c8c37aae03e3f9d4e90b7116f5accb7cab"
  version = "v1.0.5"

[[projects]]
  digest = "1:18853ddf2b1be9adcf135ebb8aee51464a49757c0a30d99b6446f0ea06a9270e"
  name = "github.com/spf13/viper"
  packages = ["."]
  pruneopts = ""
  revision = "59b19175035095196a623aac8d0f5c83481f3d77"
  version = "v1.6.3"

[[projects]]
  digest = "1:e818a738c880c5571b3817e9173add5c598a90f8615fa7a9bafc23fea774a603"
  name = "github.com/subosito/gotenv"
  packages = ["."]
  pruneopts = ""
  revision = "2ef7124db659d49edac6aa459693a15ae36c671a"
  version = "v1.2.0"

[[projects]]
  branch = "master"
  digest = "1:5ee8059477435bc4ec344bfa2ba129566bd0bc8137d98af9ec9aa4ba8e5f1e4e"
  name = "golang.org/x/net"
  packages = [
    "html",
    "html/atom",
    "html/charset",
  ]
  pruneopts = ""
  revision = "d3edc9973b7eb1fb302b0ff2c62357091cea9a30"

[[projects]]
  branch = "master"
  digest = "1:fc246fd9c4ee7362b40563f3aca658dca6b56f95941f0999e484d6e47c766cec"
  name = "golang.org/x/sys"
  packages = ["unix"]
  pruneopts = ""
  revision = "59c9f1ba88faf592b225274f69c5ef1e4ebacf82"

[[projects]]
  digest = "1:740b51a55815493a8d0f2b1e0d0ae48fe48953bf7eaf3fcc4198823bf67768c0"
  name = "golang.org/x/text"
  packages = [
    "encoding",
    "encoding/charmap",
    "encoding/htmlindex",
    "encoding/internal",
    "encoding/internal/identifier",
    "encoding/japanese",
    "encoding/korean",
    "encoding/simplifiedchinese",
    "encoding/traditionalchinese",
    "encoding/unicode",
    "internal/gen",
    "internal/language",
    "internal/language/compact",
    "internal/tag",
    "internal/triegen",
    "internal/ucd",
    "internal/utf8internal",
    "language",
    "runes",
    "transform",
    "unicode/cldr",
    "unicode/norm",
  ]
  pruneopts = ""
  revision = "342b2e1fbaa52c93f31447ad2c6abc048c63e475"
  version = "v0.3.2"

[[projects]]
  branch = "master"
  digest = "1:9d4ac09a835404ae9306c6e1493cf800ecbb0f3f828f4333b3e055de4c962eea"
  name = "golang.org/x/xerrors"
  packages = [
    ".",
    "internal",
  ]
  pruneopts = ""
  revision = "9bdfabe68543c54f90421aeb9a60ef8061b5b544"

[[projects]]
  digest = "1:b875b4452908dde6503311bc8852987b0ee985e745cadb17d338506dcfd3a433"
  name = "gopkg.in/ini.v1"
  packages = ["."]
  pruneopts = ""
  revision = "39bc4ddcb8b9d0100f7a040816380ccda878b94a"
  version = "v1.55.0"

[[projects]]
  digest = "1:2efc9662a6a1ff28c65c84fc2f9030f13d3afecdb2ecad445f3b0c80e75fc281"
  name = "gopkg.in/yaml.v2"
  packages = ["."]
  pruneopts = ""
  revision = "53403b58ad1b561927d19068c655246f2db79d48"
  version = "v2.2.8"

[solve-meta]
  analyzer-name = "dep"
  analyzer-version = 1
  input-imports = [
    "github.com/certifi/gocertifi",
    "github.com/franela/goblin",
    "github.com/gomicro/bogus",
    "github.com/onsi/gomega",
    "github.com/spf13/cobra",
    "github.com/spf13/viper",
  ]
  solver-name = "gps-cdcl"
  solver-version = 1
